// !$*UTF8*$!
{
	archiveVersion = 1;
	classes = {
	};
	objectVersion = 56;
	objects = {

/* Begin PBXBuildFile section */
		DC1AA4C029DF3E210062BC90 /* DisasterPreventerApp.swift in Sources */ = {isa = PBXBuildFile; fileRef = DC1AA4BF29DF3E210062BC90 /* DisasterPreventerApp.swift */; };
		DC1AA4C229DF3E210062BC90 /* ContentView.swift in Sources */ = {isa = PBXBuildFile; fileRef = DC1AA4C129DF3E210062BC90 /* ContentView.swift */; };
		DC1AA4C429DF3E220062BC90 /* Assets.xcassets in Resources */ = {isa = PBXBuildFile; fileRef = DC1AA4C329DF3E220062BC90 /* Assets.xcassets */; };
		DC1AA4C829DF3E220062BC90 /* Preview Assets.xcassets in Resources */ = {isa = PBXBuildFile; fileRef = DC1AA4C729DF3E220062BC90 /* Preview Assets.xcassets */; };
		DC1AA4D229DF3E220062BC90 /* DisasterPreventerTests.swift in Sources */ = {isa = PBXBuildFile; fileRef = DC1AA4D129DF3E220062BC90 /* DisasterPreventerTests.swift */; };
		DC1AA4DC29DF3E220062BC90 /* DisasterPreventerUITests.swift in Sources */ = {isa = PBXBuildFile; fileRef = DC1AA4DB29DF3E220062BC90 /* DisasterPreventerUITests.swift */; };
		DC1AA4DE29DF3E220062BC90 /* DisasterPreventerUITestsLaunchTests.swift in Sources */ = {isa = PBXBuildFile; fileRef = DC1AA4DD29DF3E220062BC90 /* DisasterPreventerUITestsLaunchTests.swift */; };
/* End PBXBuildFile section */

/* Begin PBXContainerItemProxy section */
		DC1AA4CE29DF3E220062BC90 /* PBXContainerItemProxy */ = {
			isa = PBXContainerItemProxy;
			containerPortal = DC1AA4B429DF3E210062BC90 /* Project object */;
			proxyType = 1;
			remoteGlobalIDString = DC1AA4BB29DF3E210062BC90;
			remoteInfo = DisasterPreventer;
		};
		DC1AA4D829DF3E220062BC90 /* PBXContainerItemProxy */ = {
			isa = PBXContainerItemProxy;
			containerPortal = DC1AA4B429DF3E210062BC90 /* Project object */;
			proxyType = 1;
			remoteGlobalIDString = DC1AA4BB29DF3E210062BC90;
			remoteInfo = DisasterPreventer;
		};
/* End PBXContainerItemProxy section */

/* Begin PBXFileReference section */
		DC1AA4BC29DF3E210062BC90 /* DisasterPreventer.app */ = {isa = PBXFileReference; explicitFileType = wrapper.application; includeInIndex = 0; path = DisasterPreventer.app; sourceTree = BUILT_PRODUCTS_DIR; };
		DC1AA4BF29DF3E210062BC90 /* DisasterPreventerApp.swift */ = {isa = PBXFileReference; lastKnownFileType = sourcecode.swift; path = DisasterPreventerApp.swift; sourceTree = "<group>"; };
		DC1AA4C129DF3E210062BC90 /* ContentView.swift */ = {isa = PBXFileReference; lastKnownFileType = sourcecode.swift; path = ContentView.swift; sourceTree = "<group>"; };
		DC1AA4C329DF3E220062BC90 /* Assets.xcassets */ = {isa = PBXFileReference; lastKnownFileType = folder.assetcatalog; path = Assets.xcassets; sourceTree = "<group>"; };
		DC1AA4C529DF3E220062BC90 /* DisasterPreventer.entitlements */ = {isa = PBXFileReference; lastKnownFileType = text.plist.entitlements; path = DisasterPreventer.entitlements; sourceTree = "<group>"; };
		DC1AA4C729DF3E220062BC90 /* Preview Assets.xcassets */ = {isa = PBXFileReference; lastKnownFileType = folder.assetcatalog; path = "Preview Assets.xcassets"; sourceTree = "<group>"; };
		DC1AA4CD29DF3E220062BC90 /* DisasterPreventerTests.xctest */ = {isa = PBXFileReference; explicitFileType = wrapper.cfbundle; includeInIndex = 0; path = DisasterPreventerTests.xctest; sourceTree = BUILT_PRODUCTS_DIR; };
		DC1AA4D129DF3E220062BC90 /* DisasterPreventerTests.swift */ = {isa = PBXFileReference; lastKnownFileType = sourcecode.swift; path = DisasterPreventerTests.swift; sourceTree = "<group>"; };
		DC1AA4D729DF3E220062BC90 /* DisasterPreventerUITests.xctest */ = {isa = PBXFileReference; explicitFileType = wrapper.cfbundle; includeInIndex = 0; path = DisasterPreventerUITests.xctest; sourceTree = BUILT_PRODUCTS_DIR; };
		DC1AA4DB29DF3E220062BC90 /* DisasterPreventerUITests.swift */ = {isa = PBXFileReference; lastKnownFileType = sourcecode.swift; path = DisasterPreventerUITests.swift; sourceTree = "<group>"; };
		DC1AA4DD29DF3E220062BC90 /* DisasterPreventerUITestsLaunchTests.swift */ = {isa = PBXFileReference; lastKnownFileType = sourcecode.swift; path = DisasterPreventerUITestsLaunchTests.swift; sourceTree = "<group>"; };
/* End PBXFileReference section */

/* Begin PBXFrameworksBuildPhase section */
		DC1AA4B929DF3E210062BC90 /* Frameworks */ = {
			isa = PBXFrameworksBuildPhase;
			buildActionMask = 2147483647;
			files = (
			);
			runOnlyForDeploymentPostprocessing = 0;
		};
		DC1AA4CA29DF3E220062BC90 /* Frameworks */ = {
			isa = PBXFrameworksBuildPhase;
			buildActionMask = 2147483647;
			files = (
			);
			runOnlyForDeploymentPostprocessing = 0;
		};
		DC1AA4D429DF3E220062BC90 /* Frameworks */ = {
			isa = PBXFrameworksBuildPhase;
			buildActionMask = 2147483647;
			files = (
			);
			runOnlyForDeploymentPostprocessing = 0;
		};
/* End PBXFrameworksBuildPhase section */

/* Begin PBXGroup section */
		DC1AA4B329DF3E210062BC90 = {
			isa = PBXGroup;
			children = (
				DC1AA4BE29DF3E210062BC90 /* DisasterPreventer */,
				DC1AA4D029DF3E220062BC90 /* DisasterPreventerTests */,
				DC1AA4DA29DF3E220062BC90 /* DisasterPreventerUITests */,
				DC1AA4BD29DF3E210062BC90 /* Products */,
			);
			sourceTree = "<group>";
		};
		DC1AA4BD29DF3E210062BC90 /* Products */ = {
			isa = PBXGroup;
			children = (
				DC1AA4BC29DF3E210062BC90 /* DisasterPreventer.app */,
				DC1AA4CD29DF3E220062BC90 /* DisasterPreventerTests.xctest */,
				DC1AA4D729DF3E220062BC90 /* DisasterPreventerUITests.xctest */,
			);
			name = Products;
			sourceTree = "<group>";
		};
		DC1AA4BE29DF3E210062BC90 /* DisasterPreventer */ = {
			isa = PBXGroup;
			children = (
				DC1AA4BF29DF3E210062BC90 /* DisasterPreventerApp.swift */,
				DC1AA4C129DF3E210062BC90 /* ContentView.swift */,
				DC1AA4C329DF3E220062BC90 /* Assets.xcassets */,
				DC1AA4C529DF3E220062BC90 /* DisasterPreventer.entitlements */,
				DC1AA4C629DF3E220062BC90 /* Preview Content */,
			);
			path = DisasterPreventer;
			sourceTree = "<group>";
		};
		DC1AA4C629DF3E220062BC90 /* Preview Content */ = {
			isa = PBXGroup;
			children = (
				DC1AA4C729DF3E220062BC90 /* Preview Assets.xcassets */,
			);
			path = "Preview Content";
			sourceTree = "<group>";
		};
		DC1AA4D029DF3E220062BC90 /* DisasterPreventerTests */ = {
			isa = PBXGroup;
			children = (
				DC1AA4D129DF3E220062BC90 /* DisasterPreventerTests.swift */,
			);
			path = DisasterPreventerTests;
			sourceTree = "<group>";
		};
		DC1AA4DA29DF3E220062BC90 /* DisasterPreventerUITests */ = {
			isa = PBXGroup;
			children = (
				DC1AA4DB29DF3E220062BC90 /* DisasterPreventerUITests.swift */,
				DC1AA4DD29DF3E220062BC90 /* DisasterPreventerUITestsLaunchTests.swift */,
			);
			path = DisasterPreventerUITests;
			sourceTree = "<group>";
		};
/* End PBXGroup section */

/* Begin PBXNativeTarget section */
		DC1AA4BB29DF3E210062BC90 /* DisasterPreventer */ = {
			isa = PBXNativeTarget;
			buildConfigurationList = DC1AA4E129DF3E220062BC90 /* Build configuration list for PBXNativeTarget "DisasterPreventer" */;
			buildPhases = (
				DC1AA4B829DF3E210062BC90 /* Sources */,
				DC1AA4B929DF3E210062BC90 /* Frameworks */,
				DC1AA4BA29DF3E210062BC90 /* Resources */,
			);
			buildRules = (
			);
			dependencies = (
			);
			name = DisasterPreventer;
			productName = DisasterPreventer;
			productReference = DC1AA4BC29DF3E210062BC90 /* DisasterPreventer.app */;
			productType = "com.apple.product-type.application";
		};
		DC1AA4CC29DF3E220062BC90 /* DisasterPreventerTests */ = {
			isa = PBXNativeTarget;
			buildConfigurationList = DC1AA4E429DF3E220062BC90 /* Build configuration list for PBXNativeTarget "DisasterPreventerTests" */;
			buildPhases = (
				DC1AA4C929DF3E220062BC90 /* Sources */,
				DC1AA4CA29DF3E220062BC90 /* Frameworks */,
				DC1AA4CB29DF3E220062BC90 /* Resources */,
			);
			buildRules = (
			);
			dependencies = (
				DC1AA4CF29DF3E220062BC90 /* PBXTargetDependency */,
			);
			name = DisasterPreventerTests;
			productName = DisasterPreventerTests;
			productReference = DC1AA4CD29DF3E220062BC90 /* DisasterPreventerTests.xctest */;
			productType = "com.apple.product-type.bundle.unit-test";
		};
		DC1AA4D629DF3E220062BC90 /* DisasterPreventerUITests */ = {
			isa = PBXNativeTarget;
			buildConfigurationList = DC1AA4E729DF3E220062BC90 /* Build configuration list for PBXNativeTarget "DisasterPreventerUITests" */;
			buildPhases = (
				DC1AA4D329DF3E220062BC90 /* Sources */,
				DC1AA4D429DF3E220062BC90 /* Frameworks */,
				DC1AA4D529DF3E220062BC90 /* Resources */,
			);
			buildRules = (
			);
			dependencies = (
				DC1AA4D929DF3E220062BC90 /* PBXTargetDependency */,
			);
			name = DisasterPreventerUITests;
			productName = DisasterPreventerUITests;
			productReference = DC1AA4D729DF3E220062BC90 /* DisasterPreventerUITests.xctest */;
			productType = "com.apple.product-type.bundle.ui-testing";
		};
/* End PBXNativeTarget section */

/* Begin PBXProject section */
		DC1AA4B429DF3E210062BC90 /* Project object */ = {
			isa = PBXProject;
			attributes = {
				BuildIndependentTargetsInParallel = 1;
				LastSwiftUpdateCheck = 1430;
				LastUpgradeCheck = 1430;
				TargetAttributes = {
					DC1AA4BB29DF3E210062BC90 = {
						CreatedOnToolsVersion = 14.3;
					};
					DC1AA4CC29DF3E220062BC90 = {
						CreatedOnToolsVersion = 14.3;
						TestTargetID = DC1AA4BB29DF3E210062BC90;
					};
					DC1AA4D629DF3E220062BC90 = {
						CreatedOnToolsVersion = 14.3;
						TestTargetID = DC1AA4BB29DF3E210062BC90;
					};
				};
			};
			buildConfigurationList = DC1AA4B729DF3E210062BC90 /* Build configuration list for PBXProject "DisasterPreventer" */;
			compatibilityVersion = "Xcode 14.0";
			developmentRegion = en;
			hasScannedForEncodings = 0;
			knownRegions = (
				en,
				Base,
			);
			mainGroup = DC1AA4B329DF3E210062BC90;
			productRefGroup = DC1AA4BD29DF3E210062BC90 /* Products */;
			projectDirPath = "";
			projectRoot = "";
			targets = (
				DC1AA4BB29DF3E210062BC90 /* DisasterPreventer */,
				DC1AA4CC29DF3E220062BC90 /* DisasterPreventerTests */,
				DC1AA4D629DF3E220062BC90 /* DisasterPreventerUITests */,
			);
		};
/* End PBXProject section */

/* Begin PBXResourcesBuildPhase section */
		DC1AA4BA29DF3E210062BC90 /* Resources */ = {
			isa = PBXResourcesBuildPhase;
			buildActionMask = 2147483647;
			files = (
				DC1AA4C829DF3E220062BC90 /* Preview Assets.xcassets in Resources */,
				DC1AA4C429DF3E220062BC90 /* Assets.xcassets in Resources */,
			);
			runOnlyForDeploymentPostprocessing = 0;
		};
		DC1AA4CB29DF3E220062BC90 /* Resources */ = {
			isa = PBXResourcesBuildPhase;
			buildActionMask = 2147483647;
			files = (
			);
			runOnlyForDeploymentPostprocessing = 0;
		};
		DC1AA4D529DF3E220062BC90 /* Resources */ = {
			isa = PBXResourcesBuildPhase;
			buildActionMask = 2147483647;
			files = (
			);
			runOnlyForDeploymentPostprocessing = 0;
		};
/* End PBXResourcesBuildPhase section */

/* Begin PBXSourcesBuildPhase section */
		DC1AA4B829DF3E210062BC90 /* Sources */ = {
			isa = PBXSourcesBuildPhase;
			buildActionMask = 2147483647;
			files = (
				DC1AA4C229DF3E210062BC90 /* ContentView.swift in Sources */,
				DC1AA4C029DF3E210062BC90 /* DisasterPreventerApp.swift in Sources */,
			);
			runOnlyForDeploymentPostprocessing = 0;
		};
		DC1AA4C929DF3E220062BC90 /* Sources */ = {
			isa = PBXSourcesBuildPhase;
			buildActionMask = 2147483647;
			files = (
				DC1AA4D229DF3E220062BC90 /* DisasterPreventerTests.swift in Sources */,
			);
			runOnlyForDeploymentPostprocessing = 0;
		};
		DC1AA4D329DF3E220062BC90 /* Sources */ = {
			isa = PBXSourcesBuildPhase;
			buildActionMask = 2147483647;
			files = (
				DC1AA4DC29DF3E220062BC90 /* DisasterPreventerUITests.swift in Sources */,
				DC1AA4DE29DF3E220062BC90 /* DisasterPreventerUITestsLaunchTests.swift in Sources */,
			);
			runOnlyForDeploymentPostprocessing = 0;
		};
/* End PBXSourcesBuildPhase section */

/* Begin PBXTargetDependency section */
		DC1AA4CF29DF3E220062BC90 /* PBXTargetDependency */ = {
			isa = PBXTargetDependency;
			target = DC1AA4BB29DF3E210062BC90 /* DisasterPreventer */;
			targetProxy = DC1AA4CE29DF3E220062BC90 /* PBXContainerItemProxy */;
		};
		DC1AA4D929DF3E220062BC90 /* PBXTargetDependency */ = {
			isa = PBXTargetDependency;
			target = DC1AA4BB29DF3E210062BC90 /* DisasterPreventer */;
			targetProxy = DC1AA4D829DF3E220062BC90 /* PBXContainerItemProxy */;
		};
/* End PBXTargetDependency section */

/* Begin XCBuildConfiguration section */
		DC1AA4DF29DF3E220062BC90 /* Debug */ = {
			isa = XCBuildConfiguration;
			buildSettings = {
				ALWAYS_SEARCH_USER_PATHS = NO;
				CLANG_ANALYZER_NONNULL = YES;
				CLANG_ANALYZER_NUMBER_OBJECT_CONVERSION = YES_AGGRESSIVE;
				CLANG_CXX_LANGUAGE_STANDARD = "gnu++20";
				CLANG_ENABLE_MODULES = YES;
				CLANG_ENABLE_OBJC_ARC = YES;
				CLANG_ENABLE_OBJC_WEAK = YES;
				CLANG_WARN_BLOCK_CAPTURE_AUTORELEASING = YES;
				CLANG_WARN_BOOL_CONVERSION = YES;
				CLANG_WARN_COMMA = YES;
				CLANG_WARN_CONSTANT_CONVERSION = YES;
				CLANG_WARN_DEPRECATED_OBJC_IMPLEMENTATIONS = YES;
				CLANG_WARN_DIRECT_OBJC_ISA_USAGE = YES_ERROR;
				CLANG_WARN_DOCUMENTATION_COMMENTS = YES;
				CLANG_WARN_EMPTY_BODY = YES;
				CLANG_WARN_ENUM_CONVERSION = YES;
				CLANG_WARN_INFINITE_RECURSION = YES;
				CLANG_WARN_INT_CONVERSION = YES;
				CLANG_WARN_NON_LITERAL_NULL_CONVERSION = YES;
				CLANG_WARN_OBJC_IMPLICIT_RETAIN_SELF = YES;
				CLANG_WARN_OBJC_LITERAL_CONVERSION = YES;
				CLANG_WARN_OBJC_ROOT_CLASS = YES_ERROR;
				CLANG_WARN_QUOTED_INCLUDE_IN_FRAMEWORK_HEADER = YES;
				CLANG_WARN_RANGE_LOOP_ANALYSIS = YES;
				CLANG_WARN_STRICT_PROTOTYPES = YES;
				CLANG_WARN_SUSPICIOUS_MOVE = YES;
				CLANG_WARN_UNGUARDED_AVAILABILITY = YES_AGGRESSIVE;
				CLANG_WARN_UNREACHABLE_CODE = YES;
				CLANG_WARN__DUPLICATE_METHOD_MATCH = YES;
				COPY_PHASE_STRIP = NO;
				DEBUG_INFORMATION_FORMAT = dwarf;
				ENABLE_STRICT_OBJC_MSGSEND = YES;
				ENABLE_TESTABILITY = YES;
				GCC_C_LANGUAGE_STANDARD = gnu11;
				GCC_DYNAMIC_NO_PIC = NO;
				GCC_NO_COMMON_BLOCKS = YES;
				GCC_OPTIMIZATION_LEVEL = 0;
				GCC_PREPROCESSOR_DEFINITIONS = (
					"DEBUG=1",
					"$(inherited)",
				);
				GCC_WARN_64_TO_32_BIT_CONVERSION = YES;
				GCC_WARN_ABOUT_RETURN_TYPE = YES_ERROR;
				GCC_WARN_UNDECLARED_SELECTOR = YES;
				GCC_WARN_UNINITIALIZED_AUTOS = YES_AGGRESSIVE;
				GCC_WARN_UNUSED_FUNCTION = YES;
				GCC_WARN_UNUSED_VARIABLE = YES;
				MTL_ENABLE_DEBUG_INFO = INCLUDE_SOURCE;
				MTL_FAST_MATH = YES;
				ONLY_ACTIVE_ARCH = YES;
				SWIFT_ACTIVE_COMPILATION_CONDITIONS = DEBUG;
				SWIFT_OPTIMIZATION_LEVEL = "-Onone";
			};
			name = Debug;
		};
		DC1AA4E029DF3E220062BC90 /* Release */ = {
			isa = XCBuildConfiguration;
			buildSettings = {
				ALWAYS_SEARCH_USER_PATHS = NO;
				CLANG_ANALYZER_NONNULL = YES;
				CLANG_ANALYZER_NUMBER_OBJECT_CONVERSION = YES_AGGRESSIVE;
				CLANG_CXX_LANGUAGE_STANDARD = "gnu++20";
				CLANG_ENABLE_MODULES = YES;
				CLANG_ENABLE_OBJC_ARC = YES;
				CLANG_ENABLE_OBJC_WEAK = YES;
				CLANG_WARN_BLOCK_CAPTURE_AUTORELEASING = YES;
				CLANG_WARN_BOOL_CONVERSION = YES;
				CLANG_WARN_COMMA = YES;
				CLANG_WARN_CONSTANT_CONVERSION = YES;
				CLANG_WARN_DEPRECATED_OBJC_IMPLEMENTATIONS = YES;
				CLANG_WARN_DIRECT_OBJC_ISA_USAGE = YES_ERROR;
				CLANG_WARN_DOCUMENTATION_COMMENTS = YES;
				CLANG_WARN_EMPTY_BODY = YES;
				CLANG_WARN_ENUM_CONVERSION = YES;
				CLANG_WARN_INFINITE_RECURSION = YES;
				CLANG_WARN_INT_CONVERSION = YES;
				CLANG_WARN_NON_LITERAL_NULL_CONVERSION = YES;
				CLANG_WARN_OBJC_IMPLICIT_RETAIN_SELF = YES;
				CLANG_WARN_OBJC_LITERAL_CONVERSION = YES;
				CLANG_WARN_OBJC_ROOT_CLASS = YES_ERROR;
				CLANG_WARN_QUOTED_INCLUDE_IN_FRAMEWORK_HEADER = YES;
				CLANG_WARN_RANGE_LOOP_ANALYSIS = YES;
				CLANG_WARN_STRICT_PROTOTYPES = YES;
				CLANG_WARN_SUSPICIOUS_MOVE = YES;
				CLANG_WARN_UNGUARDED_AVAILABILITY = YES_AGGRESSIVE;
				CLANG_WARN_UNREACHABLE_CODE = YES;
				CLANG_WARN__DUPLICATE_METHOD_MATCH = YES;
				COPY_PHASE_STRIP = NO;
				DEBUG_INFORMATION_FORMAT = "dwarf-with-dsym";
				ENABLE_NS_ASSERTIONS = NO;
				ENABLE_STRICT_OBJC_MSGSEND = YES;
				GCC_C_LANGUAGE_STANDARD = gnu11;
				GCC_NO_COMMON_BLOCKS = YES;
				GCC_WARN_64_TO_32_BIT_CONVERSION = YES;
				GCC_WARN_ABOUT_RETURN_TYPE = YES_ERROR;
				GCC_WARN_UNDECLARED_SELECTOR = YES;
				GCC_WARN_UNINITIALIZED_AUTOS = YES_AGGRESSIVE;
				GCC_WARN_UNUSED_FUNCTION = YES;
				GCC_WARN_UNUSED_VARIABLE = YES;
				MTL_ENABLE_DEBUG_INFO = NO;
				MTL_FAST_MATH = YES;
				SWIFT_COMPILATION_MODE = wholemodule;
				SWIFT_OPTIMIZATION_LEVEL = "-O";
			};
			name = Release;
		};
		DC1AA4E229DF3E220062BC90 /* Debug */ = {
			isa = XCBuildConfiguration;
			buildSettings = {
				ASSETCATALOG_COMPILER_APPICON_NAME = AppIcon;
				ASSETCATALOG_COMPILER_GLOBAL_ACCENT_COLOR_NAME = AccentColor;
				CODE_SIGN_ENTITLEMENTS = DisasterPreventer/DisasterPreventer.entitlements;
				CODE_SIGN_STYLE = Automatic;
				CURRENT_PROJECT_VERSION = 1;
				DEVELOPMENT_ASSET_PATHS = "\"DisasterPreventer/Preview Content\"";
				ENABLE_PREVIEWS = YES;
				GENERATE_INFOPLIST_FILE = YES;
				"INFOPLIST_KEY_UIApplicationSceneManifest_Generation[sdk=iphoneos*]" = YES;
				"INFOPLIST_KEY_UIApplicationSceneManifest_Generation[sdk=iphonesimulator*]" = YES;
				"INFOPLIST_KEY_UIApplicationSupportsIndirectInputEvents[sdk=iphoneos*]" = YES;
				"INFOPLIST_KEY_UIApplicationSupportsIndirectInputEvents[sdk=iphonesimulator*]" = YES;
				"INFOPLIST_KEY_UILaunchScreen_Generation[sdk=iphoneos*]" = YES;
				"INFOPLIST_KEY_UILaunchScreen_Generation[sdk=iphonesimulator*]" = YES;
				"INFOPLIST_KEY_UIStatusBarStyle[sdk=iphoneos*]" = UIStatusBarStyleDefault;
				"INFOPLIST_KEY_UIStatusBarStyle[sdk=iphonesimulator*]" = UIStatusBarStyleDefault;
				INFOPLIST_KEY_UISupportedInterfaceOrientations_iPad = "UIInterfaceOrientationPortrait UIInterfaceOrientationPortraitUpsideDown UIInterfaceOrientationLandscapeLeft UIInterfaceOrientationLandscapeRight";
				INFOPLIST_KEY_UISupportedInterfaceOrientations_iPhone = "UIInterfaceOrientationPortrait UIInterfaceOrientationLandscapeLeft UIInterfaceOrientationLandscapeRight";
				IPHONEOS_DEPLOYMENT_TARGET = 16.4;
				LD_RUNPATH_SEARCH_PATHS = "@executable_path/Frameworks";
				"LD_RUNPATH_SEARCH_PATHS[sdk=macosx*]" = "@executable_path/../Frameworks";
				MACOSX_DEPLOYMENT_TARGET = 13.0;
				MARKETING_VERSION = 1.0;
				PRODUCT_BUNDLE_IDENTIFIER = arjun.DisasterPreventer;
				PRODUCT_NAME = "$(TARGET_NAME)";
				SDKROOT = auto;
				SUPPORTED_PLATFORMS = "iphoneos iphonesimulator macosx";
				SWIFT_EMIT_LOC_STRINGS = YES;
				SWIFT_VERSION = 5.0;
				TARGETED_DEVICE_FAMILY = "1,2";
			};
			name = Debug;
		};
		DC1AA4E329DF3E220062BC90 /* Release */ = {
			isa = XCBuildConfiguration;
			buildSettings = {
				ASSETCATALOG_COMPILER_APPICON_NAME = AppIcon;
				ASSETCATALOG_COMPILER_GLOBAL_ACCENT_COLOR_NAME = AccentColor;
				CODE_SIGN_ENTITLEMENTS = DisasterPreventer/DisasterPreventer.entitlements;
				CODE_SIGN_STYLE = Automatic;
				CURRENT_PROJECT_VERSION = 1;
				DEVELOPMENT_ASSET_PATHS = "\"DisasterPreventer/Preview Content\"";
				ENABLE_PREVIEWS = YES;
				GENERATE_INFOPLIST_FILE = YES;
				"INFOPLIST_KEY_UIApplicationSceneManifest_Generation[sdk=iphoneos*]" = YES;
				"INFOPLIST_KEY_UIApplicationSceneManifest_Generation[sdk=iphonesimulator*]" = YES;
				"INFOPLIST_KEY_UIApplicationSupportsIndirectInputEvents[sdk=iphoneos*]" = YES;
				"INFOPLIST_KEY_UIApplicationSupportsIndirectInputEvents[sdk=iphonesimulator*]" = YES;
				"INFOPLIST_KEY_UILaunchScreen_Generation[sdk=iphoneos*]" = YES;
				"INFOPLIST_KEY_UILaunchScreen_Generation[sdk=iphonesimulator*]" = YES;
				"INFOPLIST_KEY_UIStatusBarStyle[sdk=iphoneos*]" = UIStatusBarStyleDefault;
				"INFOPLIST_KEY_UIStatusBarStyle[sdk=iphonesimulator*]" = UIStatusBarStyleDefault;
				INFOPLIST_KEY_UISupportedInterfaceOrientations_iPad = "UIInterfaceOrientationPortrait UIInterfaceOrientationPortraitUpsideDown UIInterfaceOrientationLandscapeLeft UIInterfaceOrientationLandscapeRight";
				INFOPLIST_KEY_UISupportedInterfaceOrientations_iPhone = "UIInterfaceOrientationPortrait UIInterfaceOrientationLandscapeLeft UIInterfaceOrientationLandscapeRight";
				IPHONEOS_DEPLOYMENT_TARGET = 16.4;
				LD_RUNPATH_SEARCH_PATHS = "@executable_path/Frameworks";
				"LD_RUNPATH_SEARCH_PATHS[sdk=macosx*]" = "@executable_path/../Frameworks";
				MACOSX_DEPLOYMENT_TARGET = 13.0;
				MARKETING_VERSION = 1.0;
				PRODUCT_BUNDLE_IDENTIFIER = arjun.DisasterPreventer;
				PRODUCT_NAME = "$(TARGET_NAME)";
				SDKROOT = auto;
				SUPPORTED_PLATFORMS = "iphoneos iphonesimulator macosx";
				SWIFT_EMIT_LOC_STRINGS = YES;
				SWIFT_VERSION = 5.0;
				TARGETED_DEVICE_FAMILY = "1,2";
			};
			name = Release;
		};
		DC1AA4E529DF3E220062BC90 /* Debug */ = {
			isa = XCBuildConfiguration;
			buildSettings = {
				ALWAYS_EMBED_SWIFT_STANDARD_LIBRARIES = YES;
				BUNDLE_LOADER = "$(TEST_HOST)";
				CODE_SIGN_STYLE = Automatic;
				CURRENT_PROJECT_VERSION = 1;
				GENERATE_INFOPLIST_FILE = YES;
				IPHONEOS_DEPLOYMENT_TARGET = 16.4;
				MACOSX_DEPLOYMENT_TARGET = 13.0;
				MARKETING_VERSION = 1.0;
				PRODUCT_BUNDLE_IDENTIFIER = arjun.DisasterPreventerTests;
				PRODUCT_NAME = "$(TARGET_NAME)";
				SDKROOT = auto;
				SUPPORTED_PLATFORMS = "iphoneos iphonesimulator macosx";
				SWIFT_EMIT_LOC_STRINGS = NO;
				SWIFT_VERSION = 5.0;
				TARGETED_DEVICE_FAMILY = "1,2";
				TEST_HOST = "$(BUILT_PRODUCTS_DIR)/DisasterPreventer.app/$(BUNDLE_EXECUTABLE_FOLDER_PATH)/DisasterPreventer";
			};
			name = Debug;
		};
		DC1AA4E629DF3E220062BC90 /* Release */ = {
			isa = XCBuildConfiguration;
			buildSettings = {
				ALWAYS_EMBED_SWIFT_STANDARD_LIBRARIES = YES;
				BUNDLE_LOADER = "$(TEST_HOST)";
				CODE_SIGN_STYLE = Automatic;
				CURRENT_PROJECT_VERSION = 1;
				GENERATE_INFOPLIST_FILE = YES;
				IPHONEOS_DEPLOYMENT_TARGET = 16.4;
				MACOSX_DEPLOYMENT_TARGET = 13.0;
				MARKETING_VERSION = 1.0;
				PRODUCT_BUNDLE_IDENTIFIER = arjun.DisasterPreventerTests;
				PRODUCT_NAME = "$(TARGET_NAME)";
				SDKROOT = auto;
				SUPPORTED_PLATFORMS = "iphoneos iphonesimulator macosx";
				SWIFT_EMIT_LOC_STRINGS = NO;
				SWIFT_VERSION = 5.0;
				TARGETED_DEVICE_FAMILY = "1,2";
				TEST_HOST = "$(BUILT_PRODUCTS_DIR)/DisasterPreventer.app/$(BUNDLE_EXECUTABLE_FOLDER_PATH)/DisasterPreventer";
			};
			name = Release;
		};
		DC1AA4E829DF3E220062BC90 /* Debug */ = {
			isa = XCBuildConfiguration;
			buildSettings = {
				ALWAYS_EMBED_SWIFT_STANDARD_LIBRARIES = YES;
				CODE_SIGN_STYLE = Automatic;
				CURRENT_PROJECT_VERSION = 1;
				GENERATE_INFOPLIST_FILE = YES;
				IPHONEOS_DEPLOYMENT_TARGET = 16.4;
				MACOSX_DEPLOYMENT_TARGET = 13.0;
				MARKETING_VERSION = 1.0;
				PRODUCT_BUNDLE_IDENTIFIER = arjun.DisasterPreventerUITests;
				PRODUCT_NAME = "$(TARGET_NAME)";
				SDKROOT = auto;
				SUPPORTED_PLATFORMS = "iphoneos iphonesimulator macosx";
				SWIFT_EMIT_LOC_STRINGS = NO;
				SWIFT_VERSION = 5.0;
				TARGETED_DEVICE_FAMILY = "1,2";
				TEST_TARGET_NAME = DisasterPreventer;
			};
			name = Debug;
		};
		DC1AA4E929DF3E220062BC90 /* Release */ = {
			isa = XCBuildConfiguration;
			buildSettings = {
				ALWAYS_EMBED_SWIFT_STANDARD_LIBRARIES = YES;
				CODE_SIGN_STYLE = Automatic;
				CURRENT_PROJECT_VERSION = 1;
				GENERATE_INFOPLIST_FILE = YES;
				IPHONEOS_DEPLOYMENT_TARGET = 16.4;
				MACOSX_DEPLOYMENT_TARGET = 13.0;
				MARKETING_VERSION = 1.0;
				PRODUCT_BUNDLE_IDENTIFIER = arjun.DisasterPreventerUITests;
				PRODUCT_NAME = "$(TARGET_NAME)";
				SDKROOT = auto;
				SUPPORTED_PLATFORMS = "iphoneos iphonesimulator macosx";
				SWIFT_EMIT_LOC_STRINGS = NO;
				SWIFT_VERSION = 5.0;
				TARGETED_DEVICE_FAMILY = "1,2";
				TEST_TARGET_NAME = DisasterPreventer;
			};
			name = Release;
		};
/* End XCBuildConfiguration section */

/* Begin XCConfigurationList section */
		DC1AA4B729DF3E210062BC90 /* Build configuration list for PBXProject "DisasterPreventer" */ = {
			isa = XCConfigurationList;
			buildConfigurations = (
				DC1AA4DF29DF3E220062BC90 /* Debug */,
				DC1AA4E029DF3E220062BC90 /* Release */,
			);
			defaultConfigurationIsVisible = 0;
			defaultConfigurationName = Release;
		};
		DC1AA4E129DF3E220062BC90 /* Build configuration list for PBXNativeTarget "DisasterPreventer" */ = {
			isa = XCConfigurationList;
			buildConfigurations = (
				DC1AA4E229DF3E220062BC90 /* Debug */,
				DC1AA4E329DF3E220062BC90 /* Release */,
			);
			defaultConfigurationIsVisible = 0;
			defaultConfigurationName = Release;
		};
		DC1AA4E429DF3E220062BC90 /* Build configuration list for PBXNativeTarget "DisasterPreventerTests" */ = {
			isa = XCConfigurationList;
			buildConfigurations = (
				DC1AA4E529DF3E220062BC90 /* Debug */,
				DC1AA4E629DF3E220062BC90 /* Release */,
			);
			defaultConfigurationIsVisible = 0;
			defaultConfigurationName = Release;
		};
		DC1AA4E729DF3E220062BC90 /* Build configuration list for PBXNativeTarget "DisasterPreventerUITests" */ = {
			isa = XCConfigurationList;
			buildConfigurations = (
				DC1AA4E829DF3E220062BC90 /* Debug */,
				DC1AA4E929DF3E220062BC90 /* Release */,
			);
			defaultConfigurationIsVisible = 0;
			defaultConfigurationName = Release;
		};
/* End XCConfigurationList section */
	};
	rootObject = DC1AA4B429DF3E210062BC90 /* Project object */;
}
